// !$*UTF8*$!
{
	archiveVersion = 1;
	classes = {
	};
	objectVersion = 46;
	objects = {

/* Begin PBXBuildFile section */
		71168C2C1CC4D6190049E8C1 /* main.m in Sources */ = {isa = PBXBuildFile; fileRef = 71168C2B1CC4D6190049E8C1 /* main.m */; };
		71168C2F1CC4D6190049E8C1 /* AppDelegate.m in Sources */ = {isa = PBXBuildFile; fileRef = 71168C2E1CC4D6190049E8C1 /* AppDelegate.m */; };
		71168C3A1CC4D6190049E8C1 /* Assets.xcassets in Resources */ = {isa = PBXBuildFile; fileRef = 71168C391CC4D6190049E8C1 /* Assets.xcassets */; };
		71168C3D1CC4D6190049E8C1 /* LaunchScreen.storyboard in Resources */ = {isa = PBXBuildFile; fileRef = 71168C3B1CC4D6190049E8C1 /* LaunchScreen.storyboard */; };
		71168C481CC4D6190049E8C1 /* XDSegeMentControlTests.m in Sources */ = {isa = PBXBuildFile; fileRef = 71168C471CC4D6190049E8C1 /* XDSegeMentControlTests.m */; };
		71168C531CC4D6190049E8C1 /* XDSegeMentControlUITests.m in Sources */ = {isa = PBXBuildFile; fileRef = 71168C521CC4D6190049E8C1 /* XDSegeMentControlUITests.m */; };
		71168C621CC4D9640049E8C1 /* XDRootViewController.m in Sources */ = {isa = PBXBuildFile; fileRef = 71168C611CC4D9640049E8C1 /* XDRootViewController.m */; };
		71168C7A1CC4D9A80049E8C1 /* LFLUISegmentedControl.m in Sources */ = {isa = PBXBuildFile; fileRef = 71168C791CC4D9A80049E8C1 /* LFLUISegmentedControl.m */; };
		71168C7D1CC4E4C40049E8C1 /* FristViewController.m in Sources */ = {isa = PBXBuildFile; fileRef = 71168C7C1CC4E4C40049E8C1 /* FristViewController.m */; };
		71168C801CC4E4D00049E8C1 /* SecondViewController.m in Sources */ = {isa = PBXBuildFile; fileRef = 71168C7F1CC4E4D00049E8C1 /* SecondViewController.m */; };
		71168C831CC4E4E50049E8C1 /* ThereViewController.m in Sources */ = {isa = PBXBuildFile; fileRef = 71168C821CC4E4E50049E8C1 /* ThereViewController.m */; };
/* End PBXBuildFile section */

/* Begin PBXContainerItemProxy section */
		71168C441CC4D6190049E8C1 /* PBXContainerItemProxy */ = {
			isa = PBXContainerItemProxy;
			containerPortal = 71168C1F1CC4D6190049E8C1 /* Project object */;
			proxyType = 1;
			remoteGlobalIDString = 71168C261CC4D6190049E8C1;
			remoteInfo = XDSegeMentControl;
		};
		71168C4F1CC4D6190049E8C1 /* PBXContainerItemProxy */ = {
			isa = PBXContainerItemProxy;
			containerPortal = 71168C1F1CC4D6190049E8C1 /* Project object */;
			proxyType = 1;
			remoteGlobalIDString = 71168C261CC4D6190049E8C1;
			remoteInfo = XDSegeMentControl;
		};
/* End PBXContainerItemProxy section */

/* Begin PBXFileReference section */
		71168C271CC4D6190049E8C1 /* XDSegeMentControl.app */ = {isa = PBXFileReference; explicitFileType = wrapper.application; includeInIndex = 0; path = XDSegeMentControl.app; sourceTree = BUILT_PRODUCTS_DIR; };
		71168C2B1CC4D6190049E8C1 /* main.m */ = {isa = PBXFileReference; lastKnownFileType = sourcecode.c.objc; path = main.m; sourceTree = "<group>"; };
		71168C2D1CC4D6190049E8C1 /* AppDelegate.h */ = {isa = PBXFileReference; lastKnownFileType = sourcecode.c.h; path = AppDelegate.h; sourceTree = "<group>"; };
		71168C2E1CC4D6190049E8C1 /* AppDelegate.m */ = {isa = PBXFileReference; lastKnownFileType = sourcecode.c.objc; path = AppDelegate.m; sourceTree = "<group>"; };
		71168C391CC4D6190049E8C1 /* Assets.xcassets */ = {isa = PBXFileReference; lastKnownFileType = folder.assetcatalog; path = Assets.xcassets; sourceTree = "<group>"; };
		71168C3C1CC4D6190049E8C1 /* Base */ = {isa = PBXFileReference; lastKnownFileType = file.storyboard; name = Base; path = Base.lproj/LaunchScreen.storyboard; sourceTree = "<group>"; };
		71168C3E1CC4D6190049E8C1 /* Info.plist */ = {isa = PBXFileReference; lastKnownFileType = text.plist.xml; path = Info.plist; sourceTree = "<group>"; };
		71168C431CC4D6190049E8C1 /* XDSegeMentControlTests.xctest */ = {isa = PBXFileReference; explicitFileType = wrapper.cfbundle; includeInIndex = 0; path = XDSegeMentControlTests.xctest; sourceTree = BUILT_PRODUCTS_DIR; };
		71168C471CC4D6190049E8C1 /* XDSegeMentControlTests.m */ = {isa = PBXFileReference; lastKnownFileType = sourcecode.c.objc; path = XDSegeMentControlTests.m; sourceTree = "<group>"; };
		71168C491CC4D6190049E8C1 /* Info.plist */ = {isa = PBXFileReference; lastKnownFileType = text.plist.xml; path = Info.plist; sourceTree = "<group>"; };
		71168C4E1CC4D6190049E8C1 /* XDSegeMentControlUITests.xctest */ = {isa = PBXFileReference; explicitFileType = wrapper.cfbundle; includeInIndex = 0; path = XDSegeMentControlUITests.xctest; sourceTree = BUILT_PRODUCTS_DIR; };
		71168C521CC4D6190049E8C1 /* XDSegeMentControlUITests.m */ = {isa = PBXFileReference; lastKnownFileType = sourcecode.c.objc; path = XDSegeMentControlUITests.m; sourceTree = "<group>"; };
		71168C541CC4D6190049E8C1 /* Info.plist */ = {isa = PBXFileReference; lastKnownFileType = text.plist.xml; path = Info.plist; sourceTree = "<group>"; };
		71168C601CC4D9640049E8C1 /* XDRootViewController.h */ = {isa = PBXFileReference; fileEncoding = 4; lastKnownFileType = sourcecode.c.h; name = XDRootViewController.h; path = ../XDRootViewController.h; sourceTree = "<group>"; };
		71168C611CC4D9640049E8C1 /* XDRootViewController.m */ = {isa = PBXFileReference; fileEncoding = 4; lastKnownFileType = sourcecode.c.objc; name = XDRootViewController.m; path = ../XDRootViewController.m; sourceTree = "<group>"; };
		71168C781CC4D9A80049E8C1 /* LFLUISegmentedControl.h */ = {isa = PBXFileReference; fileEncoding = 4; lastKnownFileType = sourcecode.c.h; path = LFLUISegmentedControl.h; sourceTree = "<group>"; };
		71168C791CC4D9A80049E8C1 /* LFLUISegmentedControl.m */ = {isa = PBXFileReference; fileEncoding = 4; lastKnownFileType = sourcecode.c.objc; path = LFLUISegmentedControl.m; sourceTree = "<group>"; };
		71168C7B1CC4E4C40049E8C1 /* FristViewController.h */ = {isa = PBXFileReference; fileEncoding = 4; lastKnownFileType = sourcecode.c.h; path = FristViewController.h; sourceTree = "<group>"; };
		71168C7C1CC4E4C40049E8C1 /* FristViewController.m */ = {isa = PBXFileReference; fileEncoding = 4; lastKnownFileType = sourcecode.c.objc; path = FristViewController.m; sourceTree = "<group>"; };
		71168C7E1CC4E4D00049E8C1 /* SecondViewController.h */ = {isa = PBXFileReference; fileEncoding = 4; lastKnownFileType = sourcecode.c.h; path = SecondViewController.h; sourceTree = "<group>"; };
		71168C7F1CC4E4D00049E8C1 /* SecondViewController.m */ = {isa = PBXFileReference; fileEncoding = 4; lastKnownFileType = sourcecode.c.objc; path = SecondViewController.m; sourceTree = "<group>"; };
		71168C811CC4E4E50049E8C1 /* ThereViewController.h */ = {isa = PBXFileReference; fileEncoding = 4; lastKnownFileType = sourcecode.c.h; path = ThereViewController.h; sourceTree = "<group>"; };
		71168C821CC4E4E50049E8C1 /* ThereViewController.m */ = {isa = PBXFileReference; fileEncoding = 4; lastKnownFileType = sourcecode.c.objc; path = ThereViewController.m; sourceTree = "<group>"; };
/* End PBXFileReference section */

/* Begin PBXFrameworksBuildPhase section */
		71168C241CC4D6190049E8C1 /* Frameworks */ = {
			isa = PBXFrameworksBuildPhase;
			buildActionMask = 2147483647;
			files = (
			);
			runOnlyForDeploymentPostprocessing = 0;
		};
		71168C401CC4D6190049E8C1 /* Frameworks */ = {
			isa = PBXFrameworksBuildPhase;
			buildActionMask = 2147483647;
			files = (
			);
			runOnlyForDeploymentPostprocessing = 0;
		};
		71168C4B1CC4D6190049E8C1 /* Frameworks */ = {
			isa = PBXFrameworksBuildPhase;
			buildActionMask = 2147483647;
			files = (
			);
			runOnlyForDeploymentPostprocessing = 0;
		};
/* End PBXFrameworksBuildPhase section */

/* Begin PBXGroup section */
		71168C1E1CC4D6190049E8C1 = {
			isa = PBXGroup;
			children = (
				71168C291CC4D6190049E8C1 /* XDSegeMentControl */,
				71168C461CC4D6190049E8C1 /* XDSegeMentControlTests */,
				71168C511CC4D6190049E8C1 /* XDSegeMentControlUITests */,
				71168C281CC4D6190049E8C1 /* Products */,
			);
			sourceTree = "<group>";
		};
		71168C281CC4D6190049E8C1 /* Products */ = {
			isa = PBXGroup;
			children = (
				71168C271CC4D6190049E8C1 /* XDSegeMentControl.app */,
				71168C431CC4D6190049E8C1 /* XDSegeMentControlTests.xctest */,
				71168C4E1CC4D6190049E8C1 /* XDSegeMentControlUITests.xctest */,
			);
			name = Products;
			sourceTree = "<group>";
		};
		71168C291CC4D6190049E8C1 /* XDSegeMentControl */ = {
			isa = PBXGroup;
			children = (
				71168C771CC4D9A80049E8C1 /* LFLUISegmentedControl */,
				71168C2D1CC4D6190049E8C1 /* AppDelegate.h */,
				71168C2E1CC4D6190049E8C1 /* AppDelegate.m */,
				71168C391CC4D6190049E8C1 /* Assets.xcassets */,
				71168C3B1CC4D6190049E8C1 /* LaunchScreen.storyboard */,
				71168C3E1CC4D6190049E8C1 /* Info.plist */,
				71168C2A1CC4D6190049E8C1 /* Supporting Files */,
			);
			path = XDSegeMentControl;
			sourceTree = "<group>";
		};
		71168C2A1CC4D6190049E8C1 /* Supporting Files */ = {
			isa = PBXGroup;
			children = (
				71168C2B1CC4D6190049E8C1 /* main.m */,
			);
			name = "Supporting Files";
			sourceTree = "<group>";
		};
		71168C461CC4D6190049E8C1 /* XDSegeMentControlTests */ = {
			isa = PBXGroup;
			children = (
				71168C471CC4D6190049E8C1 /* XDSegeMentControlTests.m */,
				71168C491CC4D6190049E8C1 /* Info.plist */,
			);
			path = XDSegeMentControlTests;
			sourceTree = "<group>";
		};
		71168C511CC4D6190049E8C1 /* XDSegeMentControlUITests */ = {
			isa = PBXGroup;
			children = (
				71168C521CC4D6190049E8C1 /* XDSegeMentControlUITests.m */,
				71168C541CC4D6190049E8C1 /* Info.plist */,
			);
			path = XDSegeMentControlUITests;
			sourceTree = "<group>";
		};
		71168C771CC4D9A80049E8C1 /* LFLUISegmentedControl */ = {
			isa = PBXGroup;
			children = (
				71168C781CC4D9A80049E8C1 /* LFLUISegmentedControl.h */,
				71168C791CC4D9A80049E8C1 /* LFLUISegmentedControl.m */,
				71168C601CC4D9640049E8C1 /* XDRootViewController.h */,
				71168C611CC4D9640049E8C1 /* XDRootViewController.m */,
				71168C7B1CC4E4C40049E8C1 /* FristViewController.h */,
				71168C7C1CC4E4C40049E8C1 /* FristViewController.m */,
				71168C7E1CC4E4D00049E8C1 /* SecondViewController.h */,
				71168C7F1CC4E4D00049E8C1 /* SecondViewController.m */,
				71168C811CC4E4E50049E8C1 /* ThereViewController.h */,
				71168C821CC4E4E50049E8C1 /* ThereViewController.m */,
			);
			path = LFLUISegmentedControl;
			sourceTree = "<group>";
		};
/* End PBXGroup section */

/* Begin PBXNativeTarget section */
		71168C261CC4D6190049E8C1 /* XDSegeMentControl */ = {
			isa = PBXNativeTarget;
			buildConfigurationList = 71168C571CC4D6190049E8C1 /* Build configuration list for PBXNativeTarget "XDSegeMentControl" */;
			buildPhases = (
				71168C231CC4D6190049E8C1 /* Sources */,
				71168C241CC4D6190049E8C1 /* Frameworks */,
				71168C251CC4D6190049E8C1 /* Resources */,
			);
			buildRules = (
			);
			dependencies = (
			);
			name = XDSegeMentControl;
			productName = XDSegeMentControl;
			productReference = 71168C271CC4D6190049E8C1 /* XDSegeMentControl.app */;
			productType = "com.apple.product-type.application";
		};
		71168C421CC4D6190049E8C1 /* XDSegeMentControlTests */ = {
			isa = PBXNativeTarget;
			buildConfigurationList = 71168C5A1CC4D6190049E8C1 /* Build configuration list for PBXNativeTarget "XDSegeMentControlTests" */;
			buildPhases = (
				71168C3F1CC4D6190049E8C1 /* Sources */,
				71168C401CC4D6190049E8C1 /* Frameworks */,
				71168C411CC4D6190049E8C1 /* Resources */,
			);
			buildRules = (
			);
			dependencies = (
				71168C451CC4D6190049E8C1 /* PBXTargetDependency */,
			);
			name = XDSegeMentControlTests;
			productName = XDSegeMentControlTests;
			productReference = 71168C431CC4D6190049E8C1 /* XDSegeMentControlTests.xctest */;
			productType = "com.apple.product-type.bundle.unit-test";
		};
		71168C4D1CC4D6190049E8C1 /* XDSegeMentControlUITests */ = {
			isa = PBXNativeTarget;
			buildConfigurationList = 71168C5D1CC4D6190049E8C1 /* Build configuration list for PBXNativeTarget "XDSegeMentControlUITests" */;
			buildPhases = (
				71168C4A1CC4D6190049E8C1 /* Sources */,
				71168C4B1CC4D6190049E8C1 /* Frameworks */,
				71168C4C1CC4D6190049E8C1 /* Resources */,
			);
			buildRules = (
			);
			dependencies = (
				71168C501CC4D6190049E8C1 /* PBXTargetDependency */,
			);
			name = XDSegeMentControlUITests;
			productName = XDSegeMentControlUITests;
			productReference = 71168C4E1CC4D6190049E8C1 /* XDSegeMentControlUITests.xctest */;
			productType = "com.apple.product-type.bundle.ui-testing";
		};
/* End PBXNativeTarget section */

/* Begin PBXProject section */
		71168C1F1CC4D6190049E8C1 /* Project object */ = {
			isa = PBXProject;
			attributes = {
				LastUpgradeCheck = 0720;
				ORGANIZATIONNAME = "王晓东";
				TargetAttributes = {
					71168C261CC4D6190049E8C1 = {
						CreatedOnToolsVersion = 7.2;
					};
					71168C421CC4D6190049E8C1 = {
						CreatedOnToolsVersion = 7.2;
						TestTargetID = 71168C261CC4D6190049E8C1;
					};
					71168C4D1CC4D6190049E8C1 = {
						CreatedOnToolsVersion = 7.2;
						TestTargetID = 71168C261CC4D6190049E8C1;
					};
				};
			};
			buildConfigurationList = 71168C221CC4D6190049E8C1 /* Build configuration list for PBXProject "XDSegeMentControl" */;
			compatibilityVersion = "Xcode 3.2";
			developmentRegion = English;
			hasScannedForEncodings = 0;
			knownRegions = (
				en,
				Base,
			);
			mainGroup = 71168C1E1CC4D6190049E8C1;
			productRefGroup = 71168C281CC4D6190049E8C1 /* Products */;
			projectDirPath = "";
			projectRoot = "";
			targets = (
				71168C261CC4D6190049E8C1 /* XDSegeMentControl */,
				71168C421CC4D6190049E8C1 /* XDSegeMentControlTests */,
				71168C4D1CC4D6190049E8C1 /* XDSegeMentControlUITests */,
			);
		};
/* End PBXProject section */

/* Begin PBXResourcesBuildPhase section */
		71168C251CC4D6190049E8C1 /* Resources */ = {
			isa = PBXResourcesBuildPhase;
			buildActionMask = 2147483647;
			files = (
				71168C3D1CC4D6190049E8C1 /* LaunchScreen.storyboard in Resources */,
				71168C3A1CC4D6190049E8C1 /* Assets.xcassets in Resources */,
			);
			runOnlyForDeploymentPostprocessing = 0;
		};
		71168C411CC4D6190049E8C1 /* Resources */ = {
			isa = PBXResourcesBuildPhase;
			buildActionMask = 2147483647;
			files = (
			);
			runOnlyForDeploymentPostprocessing = 0;
		};
		71168C4C1CC4D6190049E8C1 /* Resources */ = {
			isa = PBXResourcesBuildPhase;
			buildActionMask = 2147483647;
			files = (
			);
			runOnlyForDeploymentPostprocessing = 0;
		};
/* End PBXResourcesBuildPhase section */

/* Begin PBXSourcesBuildPhase section */
		71168C231CC4D6190049E8C1 /* Sources */ = {
			isa = PBXSourcesBuildPhase;
			buildActionMask = 2147483647;
			files = (
				71168C801CC4E4D00049E8C1 /* SecondViewController.m in Sources */,
				71168C2F1CC4D6190049E8C1 /* AppDelegate.m in Sources */,
				71168C7D1CC4E4C40049E8C1 /* FristViewController.m in Sources */,
				71168C621CC4D9640049E8C1 /* XDRootViewController.m in Sources */,
				71168C2C1CC4D6190049E8C1 /* main.m in Sources */,
				71168C831CC4E4E50049E8C1 /* ThereViewController.m in Sources */,
				71168C7A1CC4D9A80049E8C1 /* LFLUISegmentedControl.m in Sources */,
			);
			runOnlyForDeploymentPostprocessing = 0;
		};
		71168C3F1CC4D6190049E8C1 /* Sources */ = {
			isa = PBXSourcesBuildPhase;
			buildActionMask = 2147483647;
			files = (
				71168C481CC4D6190049E8C1 /* XDSegeMentControlTests.m in Sources */,
			);
			runOnlyForDeploymentPostprocessing = 0;
		};
		71168C4A1CC4D6190049E8C1 /* Sources */ = {
			isa = PBXSourcesBuildPhase;
			buildActionMask = 2147483647;
			files = (
				71168C531CC4D6190049E8C1 /* XDSegeMentControlUITests.m in Sources */,
			);
			runOnlyForDeploymentPostprocessing = 0;
		};
/* End PBXSourcesBuildPhase section */

/* Begin PBXTargetDependency section */
		71168C451CC4D6190049E8C1 /* PBXTargetDependency */ = {
			isa = PBXTargetDependency;
			target = 71168C261CC4D6190049E8C1 /* XDSegeMentControl */;
			targetProxy = 71168C441CC4D6190049E8C1 /* PBXContainerItemProxy */;
		};
		71168C501CC4D6190049E8C1 /* PBXTargetDependency */ = {
			isa = PBXTargetDependency;
			target = 71168C261CC4D6190049E8C1 /* XDSegeMentControl */;
			targetProxy = 71168C4F1CC4D6190049E8C1 /* PBXContainerItemProxy */;
		};
/* End PBXTargetDependency section */

/* Begin PBXVariantGroup section */
		71168C3B1CC4D6190049E8C1 /* LaunchScreen.storyboard */ = {
			isa = PBXVariantGroup;
			children = (
				71168C3C1CC4D6190049E8C1 /* Base */,
			);
			name = LaunchScreen.storyboard;
			sourceTree = "<group>";
		};
/* End PBXVariantGroup section */

/* Begin XCBuildConfiguration section */
		71168C551CC4D6190049E8C1 /* Debug */ = {
			isa = XCBuildConfiguration;
			buildSettings = {
				ALWAYS_SEARCH_USER_PATHS = NO;
				CLANG_CXX_LANGUAGE_STANDARD = "gnu++0x";
				CLANG_CXX_LIBRARY = "libc++";
				CLANG_ENABLE_MODULES = YES;
				CLANG_ENABLE_OBJC_ARC = YES;
				CLANG_WARN_BOOL_CONVERSION = YES;
				CLANG_WARN_CONSTANT_CONVERSION = YES;
				CLANG_WARN_DIRECT_OBJC_ISA_USAGE = YES_ERROR;
				CLANG_WARN_EMPTY_BODY = YES;
				CLANG_WARN_ENUM_CONVERSION = YES;
				CLANG_WARN_INT_CONVERSION = YES;
				CLANG_WARN_OBJC_ROOT_CLASS = YES_ERROR;
				CLANG_WARN_UNREACHABLE_CODE = YES;
				CLANG_WARN__DUPLICATE_METHOD_MATCH = YES;
				"CODE_SIGN_IDENTITY[sdk=iphoneos*]" = "iPhone Developer";
				COPY_PHASE_STRIP = NO;
				DEBUG_INFORMATION_FORMAT = dwarf;
				ENABLE_STRICT_OBJC_MSGSEND = YES;
				ENABLE_TESTABILITY = YES;
				GCC_C_LANGUAGE_STANDARD = gnu99;
				GCC_DYNAMIC_NO_PIC = NO;
				GCC_NO_COMMON_BLOCKS = YES;
				GCC_OPTIMIZATION_LEVEL = 0;
				GCC_PREPROCESSOR_DEFINITIONS = (
					"DEBUG=1",
					"$(inherited)",
				);
				GCC_WARN_64_TO_32_BIT_CONVERSION = YES;
				GCC_WARN_ABOUT_RETURN_TYPE = YES_ERROR;
				GCC_WARN_UNDECLARED_SELECTOR = YES;
				GCC_WARN_UNINITIALIZED_AUTOS = YES_AGGRESSIVE;
				GCC_WARN_UNUSED_FUNCTION = YES;
				GCC_WARN_UNUSED_VARIABLE = YES;
				IPHONEOS_DEPLOYMENT_TARGET = 9.2;
				MTL_ENABLE_DEBUG_INFO = YES;
				ONLY_ACTIVE_ARCH = YES;
				SDKROOT = iphoneos;
				TARGETED_DEVICE_FAMILY = "1,2";
			};
			name = Debug;
		};
		71168C561CC4D6190049E8C1 /* Release */ = {
			isa = XCBuildConfiguration;
			buildSettings = {
				ALWAYS_SEARCH_USER_PATHS = NO;
				CLANG_CXX_LANGUAGE_STANDARD = "gnu++0x";
				CLANG_CXX_LIBRARY = "libc++";
				CLANG_ENABLE_MODULES = YES;
				CLANG_ENABLE_OBJC_ARC = YES;
				CLANG_WARN_BOOL_CONVERSION = YES;
				CLANG_WARN_CONSTANT_CONVERSION = YES;
				CLANG_WARN_DIRECT_OBJC_ISA_USAGE = YES_ERROR;
				CLANG_WARN_EMPTY_BODY = YES;
				CLANG_WARN_ENUM_CONVERSION = YES;
				CLANG_WARN_INT_CONVERSION = YES;
				CLANG_WARN_OBJC_ROOT_CLASS = YES_ERROR;
				CLANG_WARN_UNREACHABLE_CODE = YES;
				CLANG_WARN__DUPLICATE_METHOD_MATCH = YES;
				"CODE_SIGN_IDENTITY[sdk=iphoneos*]" = "iPhone Developer";
				COPY_PHASE_STRIP = NO;
				DEBUG_INFORMATION_FORMAT = "dwarf-with-dsym";
				ENABLE_NS_ASSERTIONS = NO;
				ENABLE_STRICT_OBJC_MSGSEND = YES;
				GCC_C_LANGUAGE_STANDARD = gnu99;
				GCC_NO_COMMON_BLOCKS = YES;
				GCC_WARN_64_TO_32_BIT_CONVERSION = YES;
				GCC_WARN_ABOUT_RETURN_TYPE = YES_ERROR;
				GCC_WARN_UNDECLARED_SELECTOR = YES;
				GCC_WARN_UNINITIALIZED_AUTOS = YES_AGGRESSIVE;
				GCC_WARN_UNUSED_FUNCTION = YES;
				GCC_WARN_UNUSED_VARIABLE = YES;
				IPHONEOS_DEPLOYMENT_TARGET = 9.2;
				MTL_ENABLE_DEBUG_INFO = NO;
				SDKROOT = iphoneos;
				TARGETED_DEVICE_FAMILY = "1,2";
				VALIDATE_PRODUCT = YES;
			};
			name = Release;
		};
		71168C581CC4D6190049E8C1 /* Debug */ = {
			isa = XCBuildConfiguration;
			buildSettings = {
				ASSETCATALOG_COMPILER_APPICON_NAME = AppIcon;
				INFOPLIST_FILE = XDSegeMentControl/Info.plist;
				IPHONEOS_DEPLOYMENT_TARGET = 8.2;
				LD_RUNPATH_SEARCH_PATHS = "$(inherited) @executable_path/Frameworks";
				PRODUCT_BUNDLE_IDENTIFIER = com.5u51.XDSegeMentControl;
				PRODUCT_NAME = "$(TARGET_NAME)";
			};
			name = Debug;
		};
		71168C591CC4D6190049E8C1 /* Release */ = {
			isa = XCBuildConfiguration;
			buildSettings = {
				ASSETCATALOG_COMPILER_APPICON_NAME = AppIcon;
				INFOPLIST_FILE = XDSegeMentControl/Info.plist;
				IPHONEOS_DEPLOYMENT_TARGET = 8.2;
				LD_RUNPATH_SEARCH_PATHS = "$(inherited) @executable_path/Frameworks";
				PRODUCT_BUNDLE_IDENTIFIER = com.5u51.XDSegeMentControl;
				PRODUCT_NAME = "$(TARGET_NAME)";
			};
			name = Release;
		};
		71168C5B1CC4D6190049E8C1 /* Debug */ = {
			isa = XCBuildConfiguration;
			buildSettings = {
				BUNDLE_LOADER = "$(TEST_HOST)";
				INFOPLIST_FILE = XDSegeMentControlTests/Info.plist;
				LD_RUNPATH_SEARCH_PATHS = "$(inherited) @executable_path/Frameworks @loader_path/Frameworks";
				PRODUCT_BUNDLE_IDENTIFIER = com.5u51.XDSegeMentControlTests;
				PRODUCT_NAME = "$(TARGET_NAME)";
				TEST_HOST = "$(BUILT_PRODUCTS_DIR)/XDSegeMentControl.app/XDSegeMentControl";
			};
			name = Debug;
		};
		71168C5C1CC4D6190049E8C1 /* Release */ = {
			isa = XCBuildConfiguration;
			buildSettings = {
				BUNDLE_LOADER = "$(TEST_HOST)";
				INFOPLIST_FILE = XDSegeMentControlTests/Info.plist;
				LD_RUNPATH_SEARCH_PATHS = "$(inherited) @executable_path/Frameworks @loader_path/Frameworks";
				PRODUCT_BUNDLE_IDENTIFIER = com.5u51.XDSegeMentControlTests;
				PRODUCT_NAME = "$(TARGET_NAME)";
				TEST_HOST = "$(BUILT_PRODUCTS_DIR)/XDSegeMentControl.app/XDSegeMentControl";
			};
			name = Release;
		};
		71168C5E1CC4D6190049E8C1 /* Debug */ = {
			isa = XCBuildConfiguration;
			buildSettings = {
				INFOPLIST_FILE = XDSegeMentControlUITests/Info.plist;
				LD_RUNPATH_SEARCH_PATHS = "$(inherited) @executable_path/Frameworks @loader_path/Frameworks";
				PRODUCT_BUNDLE_IDENTIFIER = com.5u51.XDSegeMentControlUITests;
				PRODUCT_NAME = "$(TARGET_NAME)";
				TEST_TARGET_NAME = XDSegeMentControl;
				USES_XCTRUNNER = YES;
			};
			name = Debug;
		};
		71168C5F1CC4D6190049E8C1 /* Release */ = {
			isa = XCBuildConfiguration;
			buildSettings = {
				INFOPLIST_FILE = XDSegeMentControlUITests/Info.plist;
				LD_RUNPATH_SEARCH_PATHS = "$(inherited) @executable_path/Frameworks @loader_path/Frameworks";
				PRODUCT_BUNDLE_IDENTIFIER = com.5u51.XDSegeMentControlUITests;
				PRODUCT_NAME = "$(TARGET_NAME)";
				TEST_TARGET_NAME = XDSegeMentControl;
				USES_XCTRUNNER = YES;
			};
			name = Release;
		};
/* End XCBuildConfiguration section */

/* Begin XCConfigurationList section */
		71168C221CC4D6190049E8C1 /* Build configuration list for PBXProject "XDSegeMentControl" */ = {
			isa = XCConfigurationList;
			buildConfigurations = (
				71168C551CC4D6190049E8C1 /* Debug */,
				71168C561CC4D6190049E8C1 /* Release */,
			);
			defaultConfigurationIsVisible = 0;
			defaultConfigurationName = Release;
		};
		71168C571CC4D6190049E8C1 /* Build configuration list for PBXNativeTarget "XDSegeMentControl" */ = {
			isa = XCConfigurationList;
			buildConfigurations = (
				71168C581CC4D6190049E8C1 /* Debug */,
				71168C591CC4D6190049E8C1 /* Release */,
			);
			defaultConfigurationIsVisible = 0;
		};
		71168C5A1CC4D6190049E8C1 /* Build configuration list for PBXNativeTarget "XDSegeMentControlTests" */ = {
			isa = XCConfigurationList;
			buildConfigurations = (
				71168C5B1CC4D6190049E8C1 /* Debug */,
				71168C5C1CC4D6190049E8C1 /* Release */,
			);
			defaultConfigurationIsVisible = 0;
		};
		71168C5D1CC4D6190049E8C1 /* Build configuration list for PBXNativeTarget "XDSegeMentControlUITests" */ = {
			isa = XCConfigurationList;
			buildConfigurations = (
				71168C5E1CC4D6190049E8C1 /* Debug */,
				71168C5F1CC4D6190049E8C1 /* Release */,
			);
			defaultConfigurationIsVisible = 0;
		};
/* End XCConfigurationList section */
	};
	rootObject = 71168C1F1CC4D6190049E8C1 /* Project object */;
}
